
Microsoft Visual Studio Solution File, Format Version 12.00
# Visual Studio 15
VisualStudioVersion = 15.0.26430.6
MinimumVisualStudioVersion = 10.0.40219.1
Project("{FAE04EC0-301F-11D3-BF4B-00C04F79EFBC}") = "NetCoreDependency", "NetCoreDependency\NetCoreDependency.csproj", "{753FA1C6-2305-43F8-B4FF-8827E62ADBBD}"
EndProject
Project("{FAE04EC0-301F-11D3-BF4B-00C04F79EFBC}") = "NetCoreDependency.Application", "NetCoreDependency.Application\NetCoreDependency.Application.csproj", "{531B9546-B944-499B-95E7-08B609D27995}"
EndProject
Project("{FAE04EC0-301F-11D3-BF4B-00C04F79EFBC}") = "NetCoreDependency.Repository", "NetCoreDependency.Repository\NetCoreDependency.Repository.csproj", "{11602329-F6BA-4105-92B0-EEAE12038FDF}"
EndProject
Global
	GlobalSection(SolutionConfigurationPlatforms) = preSolution
		Debug|Any CPU = Debug|Any CPU
		Release|Any CPU = Release|Any CPU
	EndGlobalSection
	GlobalSection(ProjectConfigurationPlatforms) = postSolution
		{753FA1C6-2305-43F8-B4FF-8827E62ADBBD}.Debug|Any CPU.ActiveCfg = Debug|Any CPU
		{753FA1C6-2305-43F8-B4FF-8827E62ADBBD}.Debug|Any CPU.Build.0 = Debug|Any CPU
		{753FA1C6-2305-43F8-B4FF-8827E62ADBBD}.Release|Any CPU.ActiveCfg = Release|Any CPU
		{753FA1C6-2305-43F8-B4FF-8827E62ADBBD}.Release|Any CPU.Build.0 = Release|Any CPU
		{531B9546-B944-499B-95E7-08B609D27995}.Debug|Any CPU.ActiveCfg = Debug|Any CPU
		{531B9546-B944-499B-95E7-08B609D27995}.Debug|Any CPU.Build.0 = Debug|Any CPU
		{531B9546-B944-499B-95E7-08B609D27995}.Release|Any CPU.ActiveCfg = Release|Any CPU
		{531B9546-B944-499B-95E7-08B609D27995}.Release|Any CPU.Build.0 = Release|Any CPU
		{11602329-F6BA-4105-92B0-EEAE12038FDF}.Debug|Any CPU.ActiveCfg = Debug|Any CPU
		{11602329-F6BA-4105-92B0-EEAE12038FDF}.Debug|Any CPU.Build.0 = Debug|Any CPU
		{11602329-F6BA-4105-92B0-EEAE12038FDF}.Release|Any CPU.ActiveCfg = Release|Any CPU
		{11602329-F6BA-4105-92B0-EEAE12038FDF}.Release|Any CPU.Build.0 = Release|Any CPU
	EndGlobalSection
	GlobalSection(SolutionProperties) = preSolution
		HideSolutionNode = FALSE
	EndGlobalSection
EndGlobal
